// !$*UTF8*$!
{
	archiveVersion = 1;
	classes = {
	};
	objectVersion = 50;
	objects = {

/* Begin PBXBuildFile section */
		4715773724EC3B0E001652A8 /* UserDetailsVC.swift in Sources */ = {isa = PBXBuildFile; fileRef = 4715773624EC3B0E001652A8 /* UserDetailsVC.swift */; };
		472CC37E24E2FFEB009C6890 /* UIView+Ext.swift in Sources */ = {isa = PBXBuildFile; fileRef = 472CC37D24E2FFEB009C6890 /* UIView+Ext.swift */; };
		472CC38024E30083009C6890 /* UIColor+Ext.swift in Sources */ = {isa = PBXBuildFile; fileRef = 472CC37F24E30083009C6890 /* UIColor+Ext.swift */; };
		47643E2C24F0361500F133F6 /* HomeVC.swift in Sources */ = {isa = PBXBuildFile; fileRef = 47643E2B24F0361500F133F6 /* HomeVC.swift */; };
		4765A45F24E06BFA00585E27 /* AppDelegate.swift in Sources */ = {isa = PBXBuildFile; fileRef = 4765A45E24E06BFA00585E27 /* AppDelegate.swift */; };
		4765A46124E06BFA00585E27 /* SceneDelegate.swift in Sources */ = {isa = PBXBuildFile; fileRef = 4765A46024E06BFA00585E27 /* SceneDelegate.swift */; };
		4765A46824E06BFB00585E27 /* Assets.xcassets in Resources */ = {isa = PBXBuildFile; fileRef = 4765A46724E06BFB00585E27 /* Assets.xcassets */; };
		4765A46B24E06BFB00585E27 /* LaunchScreen.storyboard in Resources */ = {isa = PBXBuildFile; fileRef = 4765A46924E06BFB00585E27 /* LaunchScreen.storyboard */; };
		47822B2124EEE17B005B44A3 /* LSTextField.swift in Sources */ = {isa = PBXBuildFile; fileRef = 47822B2024EEE17B005B44A3 /* LSTextField.swift */; };
		4798927224E995EA00767383 /* GetStartedVC.swift in Sources */ = {isa = PBXBuildFile; fileRef = 4798927124E995EA00767383 /* GetStartedVC.swift */; };
		4798D12E24EA325200267A89 /* NSMutableAttributedString+Ext.swift in Sources */ = {isa = PBXBuildFile; fileRef = 4798D12D24EA325200267A89 /* NSMutableAttributedString+Ext.swift */; };
		4798D13224EA4B4100267A89 /* LSTitleLabel.swift in Sources */ = {isa = PBXBuildFile; fileRef = 4798D13124EA4B4100267A89 /* LSTitleLabel.swift */; };
		4798D13424EA4CF600267A89 /* LSBodyLabel.swift in Sources */ = {isa = PBXBuildFile; fileRef = 4798D13324EA4CF600267A89 /* LSBodyLabel.swift */; };
		4798D13724EA512000267A89 /* LSButton.swift in Sources */ = {isa = PBXBuildFile; fileRef = 4798D13624EA512000267A89 /* LSButton.swift */; };
		4798D13A24EA539D00267A89 /* LSImageView.swift in Sources */ = {isa = PBXBuildFile; fileRef = 4798D13924EA539D00267A89 /* LSImageView.swift */; };
		4798D13D24EA547F00267A89 /* Constants.swift in Sources */ = {isa = PBXBuildFile; fileRef = 4798D13C24EA547F00267A89 /* Constants.swift */; };
/* End PBXBuildFile section */

/* Begin PBXFileReference section */
		4715773624EC3B0E001652A8 /* UserDetailsVC.swift */ = {isa = PBXFileReference; lastKnownFileType = sourcecode.swift; path = UserDetailsVC.swift; sourceTree = "<group>"; };
		472CC37D24E2FFEB009C6890 /* UIView+Ext.swift */ = {isa = PBXFileReference; lastKnownFileType = sourcecode.swift; path = "UIView+Ext.swift"; sourceTree = "<group>"; };
		472CC37F24E30083009C6890 /* UIColor+Ext.swift */ = {isa = PBXFileReference; lastKnownFileType = sourcecode.swift; path = "UIColor+Ext.swift"; sourceTree = "<group>"; };
		47643E2B24F0361500F133F6 /* HomeVC.swift */ = {isa = PBXFileReference; lastKnownFileType = sourcecode.swift; path = HomeVC.swift; sourceTree = "<group>"; };
		4765A45B24E06BFA00585E27 /* MakeLifeStyles.app */ = {isa = PBXFileReference; explicitFileType = wrapper.application; includeInIndex = 0; path = MakeLifeStyles.app; sourceTree = BUILT_PRODUCTS_DIR; };
		4765A45E24E06BFA00585E27 /* AppDelegate.swift */ = {isa = PBXFileReference; lastKnownFileType = sourcecode.swift; path = AppDelegate.swift; sourceTree = "<group>"; };
		4765A46024E06BFA00585E27 /* SceneDelegate.swift */ = {isa = PBXFileReference; lastKnownFileType = sourcecode.swift; path = SceneDelegate.swift; sourceTree = "<group>"; };
		4765A46724E06BFB00585E27 /* Assets.xcassets */ = {isa = PBXFileReference; lastKnownFileType = folder.assetcatalog; path = Assets.xcassets; sourceTree = "<group>"; };
		4765A46A24E06BFB00585E27 /* Base */ = {isa = PBXFileReference; lastKnownFileType = file.storyboard; name = Base; path = Base.lproj/LaunchScreen.storyboard; sourceTree = "<group>"; };
		4765A46C24E06BFB00585E27 /* Info.plist */ = {isa = PBXFileReference; lastKnownFileType = text.plist.xml; path = Info.plist; sourceTree = "<group>"; };
		47822B2024EEE17B005B44A3 /* LSTextField.swift */ = {isa = PBXFileReference; lastKnownFileType = sourcecode.swift; path = LSTextField.swift; sourceTree = "<group>"; };
		4798927124E995EA00767383 /* GetStartedVC.swift */ = {isa = PBXFileReference; lastKnownFileType = sourcecode.swift; path = GetStartedVC.swift; sourceTree = "<group>"; };
		4798D12D24EA325200267A89 /* NSMutableAttributedString+Ext.swift */ = {isa = PBXFileReference; lastKnownFileType = sourcecode.swift; path = "NSMutableAttributedString+Ext.swift"; sourceTree = "<group>"; };
		4798D13124EA4B4100267A89 /* LSTitleLabel.swift */ = {isa = PBXFileReference; lastKnownFileType = sourcecode.swift; path = LSTitleLabel.swift; sourceTree = "<group>"; };
		4798D13324EA4CF600267A89 /* LSBodyLabel.swift */ = {isa = PBXFileReference; lastKnownFileType = sourcecode.swift; path = LSBodyLabel.swift; sourceTree = "<group>"; };
		4798D13624EA512000267A89 /* LSButton.swift */ = {isa = PBXFileReference; lastKnownFileType = sourcecode.swift; path = LSButton.swift; sourceTree = "<group>"; };
		4798D13924EA539D00267A89 /* LSImageView.swift */ = {isa = PBXFileReference; lastKnownFileType = sourcecode.swift; path = LSImageView.swift; sourceTree = "<group>"; };
		4798D13C24EA547F00267A89 /* Constants.swift */ = {isa = PBXFileReference; lastKnownFileType = sourcecode.swift; path = Constants.swift; sourceTree = "<group>"; };
/* End PBXFileReference section */

/* Begin PBXFrameworksBuildPhase section */
		4765A45824E06BFA00585E27 /* Frameworks */ = {
			isa = PBXFrameworksBuildPhase;
			buildActionMask = 2147483647;
			files = (
			);
			runOnlyForDeploymentPostprocessing = 0;
		};
/* End PBXFrameworksBuildPhase section */

/* Begin PBXGroup section */
		4715773524EC3AEE001652A8 /* User Details */ = {
			isa = PBXGroup;
			children = (
				4715773624EC3B0E001652A8 /* UserDetailsVC.swift */,
			);
			path = "User Details";
			sourceTree = "<group>";
		};
		472CC37C24E2FFDB009C6890 /* Extensions */ = {
			isa = PBXGroup;
			children = (
				472CC37D24E2FFEB009C6890 /* UIView+Ext.swift */,
				472CC37F24E30083009C6890 /* UIColor+Ext.swift */,
				4798D12D24EA325200267A89 /* NSMutableAttributedString+Ext.swift */,
			);
			path = Extensions;
			sourceTree = "<group>";
		};
		4760BFF724E194BB00B2B936 /* Scenes */ = {
			isa = PBXGroup;
			children = (
				4798926F24E980AA00767383 /* Onboading */,
				47C9A0A224E44B4100353E80 /* Home */,
			);
			path = Scenes;
			sourceTree = "<group>";
		};
		4760BFF824E194C800B2B936 /* Models */ = {
			isa = PBXGroup;
			children = (
			);
			path = Models;
			sourceTree = "<group>";
		};
		4760BFF924E194D300B2B936 /* Support Files */ = {
			isa = PBXGroup;
			children = (
				4765A45E24E06BFA00585E27 /* AppDelegate.swift */,
				4765A46024E06BFA00585E27 /* SceneDelegate.swift */,
				4765A46724E06BFB00585E27 /* Assets.xcassets */,
				4765A46924E06BFB00585E27 /* LaunchScreen.storyboard */,
				4765A46C24E06BFB00585E27 /* Info.plist */,
			);
			name = "Support Files";
			sourceTree = "<group>";
		};
		4765A45224E06BFA00585E27 = {
			isa = PBXGroup;
			children = (
				4765A45D24E06BFA00585E27 /* MakeLifeStyles */,
				4765A45C24E06BFA00585E27 /* Products */,
			);
			sourceTree = "<group>";
		};
		4765A45C24E06BFA00585E27 /* Products */ = {
			isa = PBXGroup;
			children = (
				4765A45B24E06BFA00585E27 /* MakeLifeStyles.app */,
			);
			name = Products;
			sourceTree = "<group>";
		};
		4765A45D24E06BFA00585E27 /* MakeLifeStyles */ = {
			isa = PBXGroup;
			children = (
				4760BFF824E194C800B2B936 /* Models */,
				47C9A0A324E44B7300353E80 /* View Models */,
				4798D12F24EA4A7F00267A89 /* Custom Views */,
				4760BFF724E194BB00B2B936 /* Scenes */,
				4798D13B24EA546E00267A89 /* Constants */,
				472CC37C24E2FFDB009C6890 /* Extensions */,
				4760BFF924E194D300B2B936 /* Support Files */,
			);
			path = MakeLifeStyles;
			sourceTree = "<group>";
		};
		47822B1F24EEE155005B44A3 /* TextFields */ = {
			isa = PBXGroup;
			children = (
				47822B2024EEE17B005B44A3 /* LSTextField.swift */,
			);
			path = TextFields;
			sourceTree = "<group>";
		};
		4798926F24E980AA00767383 /* Onboading */ = {
			isa = PBXGroup;
			children = (
				4715773524EC3AEE001652A8 /* User Details */,
				4798927024E9929200767383 /* Get Started */,
			);
			path = Onboading;
			sourceTree = "<group>";
		};
		4798927024E9929200767383 /* Get Started */ = {
			isa = PBXGroup;
			children = (
				4798927124E995EA00767383 /* GetStartedVC.swift */,
			);
			path = "Get Started";
			sourceTree = "<group>";
		};
		4798D12F24EA4A7F00267A89 /* Custom Views */ = {
			isa = PBXGroup;
			children = (
				47822B1F24EEE155005B44A3 /* TextFields */,
				4798D13824EA535200267A89 /* ImageViews */,
				4798D13524EA511100267A89 /* Buttons */,
				4798D13024EA4AB300267A89 /* Labels */,
			);
			path = "Custom Views";
			sourceTree = "<group>";
		};
		4798D13024EA4AB300267A89 /* Labels */ = {
			isa = PBXGroup;
			children = (
				4798D13124EA4B4100267A89 /* LSTitleLabel.swift */,
				4798D13324EA4CF600267A89 /* LSBodyLabel.swift */,
			);
			path = Labels;
			sourceTree = "<group>";
		};
		4798D13524EA511100267A89 /* Buttons */ = {
			isa = PBXGroup;
			children = (
				4798D13624EA512000267A89 /* LSButton.swift */,
			);
			path = Buttons;
			sourceTree = "<group>";
		};
		4798D13824EA535200267A89 /* ImageViews */ = {
			isa = PBXGroup;
			children = (
				4798D13924EA539D00267A89 /* LSImageView.swift */,
			);
			path = ImageViews;
			sourceTree = "<group>";
		};
		4798D13B24EA546E00267A89 /* Constants */ = {
			isa = PBXGroup;
			children = (
				4798D13C24EA547F00267A89 /* Constants.swift */,
			);
			path = Constants;
			sourceTree = "<group>";
		};
		47C9A0A224E44B4100353E80 /* Home */ = {
			isa = PBXGroup;
			children = (
				47643E2B24F0361500F133F6 /* HomeVC.swift */,
			);
			path = Home;
			sourceTree = "<group>";
		};
		47C9A0A324E44B7300353E80 /* View Models */ = {
			isa = PBXGroup;
			children = (
			);
			path = "View Models";
			sourceTree = "<group>";
		};
/* End PBXGroup section */

/* Begin PBXNativeTarget section */
		4765A45A24E06BFA00585E27 /* MakeLifeStyles */ = {
			isa = PBXNativeTarget;
			buildConfigurationList = 4765A46F24E06BFB00585E27 /* Build configuration list for PBXNativeTarget "MakeLifeStyles" */;
			buildPhases = (
				4765A45724E06BFA00585E27 /* Sources */,
				4765A45824E06BFA00585E27 /* Frameworks */,
				4765A45924E06BFA00585E27 /* Resources */,
			);
			buildRules = (
			);
			dependencies = (
			);
			name = MakeLifeStyles;
			productName = MakeLifeStyles;
			productReference = 4765A45B24E06BFA00585E27 /* MakeLifeStyles.app */;
			productType = "com.apple.product-type.application";
		};
/* End PBXNativeTarget section */

/* Begin PBXProject section */
		4765A45324E06BFA00585E27 /* Project object */ = {
			isa = PBXProject;
			attributes = {
				LastSwiftUpdateCheck = 1150;
				LastUpgradeCheck = 1150;
				ORGANIZATIONNAME = "Hansa Anuradha";
				TargetAttributes = {
					4765A45A24E06BFA00585E27 = {
						CreatedOnToolsVersion = 11.5;
					};
				};
			};
			buildConfigurationList = 4765A45624E06BFA00585E27 /* Build configuration list for PBXProject "MakeLifeStyles" */;
			compatibilityVersion = "Xcode 9.3";
			developmentRegion = en;
			hasScannedForEncodings = 0;
			knownRegions = (
				en,
				Base,
			);
			mainGroup = 4765A45224E06BFA00585E27;
			productRefGroup = 4765A45C24E06BFA00585E27 /* Products */;
			projectDirPath = "";
			projectRoot = "";
			targets = (
				4765A45A24E06BFA00585E27 /* MakeLifeStyles */,
			);
		};
/* End PBXProject section */

/* Begin PBXResourcesBuildPhase section */
		4765A45924E06BFA00585E27 /* Resources */ = {
			isa = PBXResourcesBuildPhase;
			buildActionMask = 2147483647;
			files = (
				4765A46B24E06BFB00585E27 /* LaunchScreen.storyboard in Resources */,
				4765A46824E06BFB00585E27 /* Assets.xcassets in Resources */,
			);
			runOnlyForDeploymentPostprocessing = 0;
		};
/* End PBXResourcesBuildPhase section */

/* Begin PBXSourcesBuildPhase section */
		4765A45724E06BFA00585E27 /* Sources */ = {
			isa = PBXSourcesBuildPhase;
			buildActionMask = 2147483647;
			files = (
				4715773724EC3B0E001652A8 /* UserDetailsVC.swift in Sources */,
				47643E2C24F0361500F133F6 /* HomeVC.swift in Sources */,
				4798D13224EA4B4100267A89 /* LSTitleLabel.swift in Sources */,
				4798D13D24EA547F00267A89 /* Constants.swift in Sources */,
				4798D13424EA4CF600267A89 /* LSBodyLabel.swift in Sources */,
				4798927224E995EA00767383 /* GetStartedVC.swift in Sources */,
				4765A45F24E06BFA00585E27 /* AppDelegate.swift in Sources */,
				4798D12E24EA325200267A89 /* NSMutableAttributedString+Ext.swift in Sources */,
				472CC38024E30083009C6890 /* UIColor+Ext.swift in Sources */,
				4765A46124E06BFA00585E27 /* SceneDelegate.swift in Sources */,
				472CC37E24E2FFEB009C6890 /* UIView+Ext.swift in Sources */,
				47822B2124EEE17B005B44A3 /* LSTextField.swift in Sources */,
				4798D13724EA512000267A89 /* LSButton.swift in Sources */,
				4798D13A24EA539D00267A89 /* LSImageView.swift in Sources */,
			);
			runOnlyForDeploymentPostprocessing = 0;
		};
/* End PBXSourcesBuildPhase section */

/* Begin PBXVariantGroup section */
		4765A46924E06BFB00585E27 /* LaunchScreen.storyboard */ = {
			isa = PBXVariantGroup;
			children = (
				4765A46A24E06BFB00585E27 /* Base */,
			);
			name = LaunchScreen.storyboard;
			sourceTree = "<group>";
		};
/* End PBXVariantGroup section */

/* Begin XCBuildConfiguration section */
		4765A46D24E06BFB00585E27 /* Debug */ = {
			isa = XCBuildConfiguration;
			buildSettings = {
				ALWAYS_SEARCH_USER_PATHS = NO;
				CLANG_ANALYZER_NONNULL = YES;
				CLANG_ANALYZER_NUMBER_OBJECT_CONVERSION = YES_AGGRESSIVE;
				CLANG_CXX_LANGUAGE_STANDARD = "gnu++14";
				CLANG_CXX_LIBRARY = "libc++";
				CLANG_ENABLE_MODULES = YES;
				CLANG_ENABLE_OBJC_ARC = YES;
				CLANG_ENABLE_OBJC_WEAK = YES;
				CLANG_WARN_BLOCK_CAPTURE_AUTORELEASING = YES;
				CLANG_WARN_BOOL_CONVERSION = YES;
				CLANG_WARN_COMMA = YES;
				CLANG_WARN_CONSTANT_CONVERSION = YES;
				CLANG_WARN_DEPRECATED_OBJC_IMPLEMENTATIONS = YES;
				CLANG_WARN_DIRECT_OBJC_ISA_USAGE = YES_ERROR;
				CLANG_WARN_DOCUMENTATION_COMMENTS = YES;
				CLANG_WARN_EMPTY_BODY = YES;
				CLANG_WARN_ENUM_CONVERSION = YES;
				CLANG_WARN_INFINITE_RECURSION = YES;
				CLANG_WARN_INT_CONVERSION = YES;
				CLANG_WARN_NON_LITERAL_NULL_CONVERSION = YES;
				CLANG_WARN_OBJC_IMPLICIT_RETAIN_SELF = YES;
				CLANG_WARN_OBJC_LITERAL_CONVERSION = YES;
				CLANG_WARN_OBJC_ROOT_CLASS = YES_ERROR;
				CLANG_WARN_RANGE_LOOP_ANALYSIS = YES;
				CLANG_WARN_STRICT_PROTOTYPES = YES;
				CLANG_WARN_SUSPICIOUS_MOVE = YES;
				CLANG_WARN_UNGUARDED_AVAILABILITY = YES_AGGRESSIVE;
				CLANG_WARN_UNREACHABLE_CODE = YES;
				CLANG_WARN__DUPLICATE_METHOD_MATCH = YES;
				COPY_PHASE_STRIP = NO;
				DEBUG_INFORMATION_FORMAT = dwarf;
				ENABLE_STRICT_OBJC_MSGSEND = YES;
				ENABLE_TESTABILITY = YES;
				GCC_C_LANGUAGE_STANDARD = gnu11;
				GCC_DYNAMIC_NO_PIC = NO;
				GCC_NO_COMMON_BLOCKS = YES;
				GCC_OPTIMIZATION_LEVEL = 0;
				GCC_PREPROCESSOR_DEFINITIONS = (
					"DEBUG=1",
					"$(inherited)",
				);
				GCC_WARN_64_TO_32_BIT_CONVERSION = YES;
				GCC_WARN_ABOUT_RETURN_TYPE = YES_ERROR;
				GCC_WARN_UNDECLARED_SELECTOR = YES;
				GCC_WARN_UNINITIALIZED_AUTOS = YES_AGGRESSIVE;
				GCC_WARN_UNUSED_FUNCTION = YES;
				GCC_WARN_UNUSED_VARIABLE = YES;
				IPHONEOS_DEPLOYMENT_TARGET = 13.5;
				MTL_ENABLE_DEBUG_INFO = INCLUDE_SOURCE;
				MTL_FAST_MATH = YES;
				ONLY_ACTIVE_ARCH = YES;
				SDKROOT = iphoneos;
				SWIFT_ACTIVE_COMPILATION_CONDITIONS = DEBUG;
				SWIFT_OPTIMIZATION_LEVEL = "-Onone";
			};
			name = Debug;
		};
		4765A46E24E06BFB00585E27 /* Release */ = {
			isa = XCBuildConfiguration;
			buildSettings = {
				ALWAYS_SEARCH_USER_PATHS = NO;
				CLANG_ANALYZER_NONNULL = YES;
				CLANG_ANALYZER_NUMBER_OBJECT_CONVERSION = YES_AGGRESSIVE;
				CLANG_CXX_LANGUAGE_STANDARD = "gnu++14";
				CLANG_CXX_LIBRARY = "libc++";
				CLANG_ENABLE_MODULES = YES;
				CLANG_ENABLE_OBJC_ARC = YES;
				CLANG_ENABLE_OBJC_WEAK = YES;
				CLANG_WARN_BLOCK_CAPTURE_AUTORELEASING = YES;
				CLANG_WARN_BOOL_CONVERSION = YES;
				CLANG_WARN_COMMA = YES;
				CLANG_WARN_CONSTANT_CONVERSION = YES;
				CLANG_WARN_DEPRECATED_OBJC_IMPLEMENTATIONS = YES;
				CLANG_WARN_DIRECT_OBJC_ISA_USAGE = YES_ERROR;
				CLANG_WARN_DOCUMENTATION_COMMENTS = YES;
				CLANG_WARN_EMPTY_BODY = YES;
				CLANG_WARN_ENUM_CONVERSION = YES;
				CLANG_WARN_INFINITE_RECURSION = YES;
				CLANG_WARN_INT_CONVERSION = YES;
				CLANG_WARN_NON_LITERAL_NULL_CONVERSION = YES;
				CLANG_WARN_OBJC_IMPLICIT_RETAIN_SELF = YES;
				CLANG_WARN_OBJC_LITERAL_CONVERSION = YES;
				CLANG_WARN_OBJC_ROOT_CLASS = YES_ERROR;
				CLANG_WARN_RANGE_LOOP_ANALYSIS = YES;
				CLANG_WARN_STRICT_PROTOTYPES = YES;
				CLANG_WARN_SUSPICIOUS_MOVE = YES;
				CLANG_WARN_UNGUARDED_AVAILABILITY = YES_AGGRESSIVE;
				CLANG_WARN_UNREACHABLE_CODE = YES;
				CLANG_WARN__DUPLICATE_METHOD_MATCH = YES;
				COPY_PHASE_STRIP = NO;
				DEBUG_INFORMATION_FORMAT = "dwarf-with-dsym";
				ENABLE_NS_ASSERTIONS = NO;
				ENABLE_STRICT_OBJC_MSGSEND = YES;
				GCC_C_LANGUAGE_STANDARD = gnu11;
				GCC_NO_COMMON_BLOCKS = YES;
				GCC_WARN_64_TO_32_BIT_CONVERSION = YES;
				GCC_WARN_ABOUT_RETURN_TYPE = YES_ERROR;
				GCC_WARN_UNDECLARED_SELECTOR = YES;
				GCC_WARN_UNINITIALIZED_AUTOS = YES_AGGRESSIVE;
				GCC_WARN_UNUSED_FUNCTION = YES;
				GCC_WARN_UNUSED_VARIABLE = YES;
				IPHONEOS_DEPLOYMENT_TARGET = 13.5;
				MTL_ENABLE_DEBUG_INFO = NO;
				MTL_FAST_MATH = YES;
				SDKROOT = iphoneos;
				SWIFT_COMPILATION_MODE = wholemodule;
				SWIFT_OPTIMIZATION_LEVEL = "-O";
				VALIDATE_PRODUCT = YES;
			};
			name = Release;
		};
		4765A47024E06BFB00585E27 /* Debug */ = {
			isa = XCBuildConfiguration;
			buildSettings = {
				ASSETCATALOG_COMPILER_APPICON_NAME = AppIcon;
				CODE_SIGN_STYLE = Automatic;
				DEVELOPMENT_TEAM = 7BXSU3YQGA;
				INFOPLIST_FILE = MakeLifeStyles/Info.plist;
				LD_RUNPATH_SEARCH_PATHS = (
					"$(inherited)",
					"@executable_path/Frameworks",
				);
				PRODUCT_BUNDLE_IDENTIFIER = com.castleCode.MakeLifeStyles;
				PRODUCT_NAME = "$(TARGET_NAME)";
				SWIFT_VERSION = 5.0;
				TARGETED_DEVICE_FAMILY = 1;
			};
			name = Debug;
		};
		4765A47124E06BFB00585E27 /* Release */ = {
			isa = XCBuildConfiguration;
			buildSettings = {
				ASSETCATALOG_COMPILER_APPICON_NAME = AppIcon;
				CODE_SIGN_STYLE = Automatic;
				DEVELOPMENT_TEAM = 7BXSU3YQGA;
				INFOPLIST_FILE = MakeLifeStyles/Info.plist;
				LD_RUNPATH_SEARCH_PATHS = (
					"$(inherited)",
					"@executable_path/Frameworks",
				);
				PRODUCT_BUNDLE_IDENTIFIER = com.castleCode.MakeLifeStyles;
				PRODUCT_NAME = "$(TARGET_NAME)";
				SWIFT_VERSION = 5.0;
				TARGETED_DEVICE_FAMILY = 1;
			};
			name = Release;
		};
/* End XCBuildConfiguration section */

/* Begin XCConfigurationList section */
		4765A45624E06BFA00585E27 /* Build configuration list for PBXProject "MakeLifeStyles" */ = {
			isa = XCConfigurationList;
			buildConfigurations = (
				4765A46D24E06BFB00585E27 /* Debug */,
				4765A46E24E06BFB00585E27 /* Release */,
			);
			defaultConfigurationIsVisible = 0;
			defaultConfigurationName = Release;
		};
		4765A46F24E06BFB00585E27 /* Build configuration list for PBXNativeTarget "MakeLifeStyles" */ = {
			isa = XCConfigurationList;
			buildConfigurations = (
				4765A47024E06BFB00585E27 /* Debug */,
				4765A47124E06BFB00585E27 /* Release */,
			);
			defaultConfigurationIsVisible = 0;
			defaultConfigurationName = Release;
		};
/* End XCConfigurationList section */
	};
	rootObject = 4765A45324E06BFA00585E27 /* Project object */;
}
