// !$*UTF8*$!
{
	archiveVersion = 1;
	classes = {
	};
	objectVersion = 50;
	objects = {

/* Begin PBXBuildFile section */
		4715773724EC3B0E001652A8 /* UserDetailsVC.swift in Sources */ = {isa = PBXBuildFile; fileRef = 4715773624EC3B0E001652A8 /* UserDetailsVC.swift */; };
		471D1FBA2577C66C002AB1AE /* LifeStylesVM.swift in Sources */ = {isa = PBXBuildFile; fileRef = 471D1FB92577C66C002AB1AE /* LifeStylesVM.swift */; };
		471D1FBF2577C6E1002AB1AE /* LifeStyleCell.swift in Sources */ = {isa = PBXBuildFile; fileRef = 471D1FBE2577C6E1002AB1AE /* LifeStyleCell.swift */; };
		472CC37E24E2FFEB009C6890 /* UIView+Ext.swift in Sources */ = {isa = PBXBuildFile; fileRef = 472CC37D24E2FFEB009C6890 /* UIView+Ext.swift */; };
		472CC38024E30083009C6890 /* UIColor+Ext.swift in Sources */ = {isa = PBXBuildFile; fileRef = 472CC37F24E30083009C6890 /* UIColor+Ext.swift */; };
		472D159624FD60AA00B693DF /* CAShapeLayer+Ext.swift in Sources */ = {isa = PBXBuildFile; fileRef = 472D159524FD60AA00B693DF /* CAShapeLayer+Ext.swift */; };
		4743466B2572947C000474B2 /* HabitDetailsVC.swift in Sources */ = {isa = PBXBuildFile; fileRef = 4743466A2572947C000474B2 /* HabitDetailsVC.swift */; };
		4743466E25729493000474B2 /* HabitDetailsVM.swift in Sources */ = {isa = PBXBuildFile; fileRef = 4743466D25729493000474B2 /* HabitDetailsVM.swift */; };
		4746339425755AA700E68F08 /* UIStackView+Ext.swift in Sources */ = {isa = PBXBuildFile; fileRef = 4746339325755AA700E68F08 /* UIStackView+Ext.swift */; };
		474FC92D2587C72A0035BB1A /* LSEmptyStateView.swift in Sources */ = {isa = PBXBuildFile; fileRef = 474FC92C2587C72A0035BB1A /* LSEmptyStateView.swift */; };
		474FE6222565463000F3FDFC /* DataStore.swift in Sources */ = {isa = PBXBuildFile; fileRef = 474FE6212565463000F3FDFC /* DataStore.swift */; };
		47643E2C24F0361500F133F6 /* HomeVC.swift in Sources */ = {isa = PBXBuildFile; fileRef = 47643E2B24F0361500F133F6 /* HomeVC.swift */; };
		47643E2F24F039B900F133F6 /* Data.xcdatamodeld in Sources */ = {isa = PBXBuildFile; fileRef = 47643E2D24F039B900F133F6 /* Data.xcdatamodeld */; };
		4765A45F24E06BFA00585E27 /* AppDelegate.swift in Sources */ = {isa = PBXBuildFile; fileRef = 4765A45E24E06BFA00585E27 /* AppDelegate.swift */; };
		4765A46124E06BFA00585E27 /* SceneDelegate.swift in Sources */ = {isa = PBXBuildFile; fileRef = 4765A46024E06BFA00585E27 /* SceneDelegate.swift */; };
		4765A46824E06BFB00585E27 /* Assets.xcassets in Resources */ = {isa = PBXBuildFile; fileRef = 4765A46724E06BFB00585E27 /* Assets.xcassets */; };
		4765A46B24E06BFB00585E27 /* LaunchScreen.storyboard in Resources */ = {isa = PBXBuildFile; fileRef = 4765A46924E06BFB00585E27 /* LaunchScreen.storyboard */; };
		47822B2124EEE17B005B44A3 /* LSTextField.swift in Sources */ = {isa = PBXBuildFile; fileRef = 47822B2024EEE17B005B44A3 /* LSTextField.swift */; };
		478BEC89251BA60400162592 /* Bindable.swift in Sources */ = {isa = PBXBuildFile; fileRef = 478BEC88251BA60400162592 /* Bindable.swift */; };
		478BEC8D251BA67300162592 /* MakeHabtisVM.swift in Sources */ = {isa = PBXBuildFile; fileRef = 478BEC8C251BA67300162592 /* MakeHabtisVM.swift */; };
		478DBB0024F1837200D37F39 /* LSTabBar.swift in Sources */ = {isa = PBXBuildFile; fileRef = 478DBAFF24F1837200D37F39 /* LSTabBar.swift */; };
		47934B7F24F400C400EF5451 /* HabitCell.swift in Sources */ = {isa = PBXBuildFile; fileRef = 47934B7E24F400C400EF5451 /* HabitCell.swift */; };
		4798927224E995EA00767383 /* GetStartedVC.swift in Sources */ = {isa = PBXBuildFile; fileRef = 4798927124E995EA00767383 /* GetStartedVC.swift */; };
		4798D12E24EA325200267A89 /* NSMutableAttributedString+Ext.swift in Sources */ = {isa = PBXBuildFile; fileRef = 4798D12D24EA325200267A89 /* NSMutableAttributedString+Ext.swift */; };
		4798D13224EA4B4100267A89 /* LSTitleLabel.swift in Sources */ = {isa = PBXBuildFile; fileRef = 4798D13124EA4B4100267A89 /* LSTitleLabel.swift */; };
		4798D13424EA4CF600267A89 /* LSBodyLabel.swift in Sources */ = {isa = PBXBuildFile; fileRef = 4798D13324EA4CF600267A89 /* LSBodyLabel.swift */; };
		4798D13724EA512000267A89 /* LSButton.swift in Sources */ = {isa = PBXBuildFile; fileRef = 4798D13624EA512000267A89 /* LSButton.swift */; };
		4798D13A24EA539D00267A89 /* LSImageView.swift in Sources */ = {isa = PBXBuildFile; fileRef = 4798D13924EA539D00267A89 /* LSImageView.swift */; };
		4798D13D24EA547F00267A89 /* Constants.swift in Sources */ = {isa = PBXBuildFile; fileRef = 4798D13C24EA547F00267A89 /* Constants.swift */; };
		47B8E07225697DEE00F395C3 /* HomeVM.swift in Sources */ = {isa = PBXBuildFile; fileRef = 47B8E07125697DEE00F395C3 /* HomeVM.swift */; };
		47BD3971256AB5B900DBB2FC /* LSAlertVC.swift in Sources */ = {isa = PBXBuildFile; fileRef = 47BD3970256AB5B900DBB2FC /* LSAlertVC.swift */; };
		47BD3976256AB65700DBB2FC /* LSAlertContainerView.swift in Sources */ = {isa = PBXBuildFile; fileRef = 47BD3975256AB65700DBB2FC /* LSAlertContainerView.swift */; };
		47BD397A256AB97400DBB2FC /* UIViewController+Ext.swift in Sources */ = {isa = PBXBuildFile; fileRef = 47BD3979256AB97400DBB2FC /* UIViewController+Ext.swift */; };
		47C822E72583B6F20059761A /* Habit+CoreDataClass.swift in Sources */ = {isa = PBXBuildFile; fileRef = 47C822E52583B6F20059761A /* Habit+CoreDataClass.swift */; };
		47C822EF2583B76A0059761A /* Habit+CoreDataProperties.swift in Sources */ = {isa = PBXBuildFile; fileRef = 47C822ED2583B76A0059761A /* Habit+CoreDataProperties.swift */; };
		47F34FC324F56DF900DA4F64 /* MakeHabitsVC.swift in Sources */ = {isa = PBXBuildFile; fileRef = 47F34FC224F56DF900DA4F64 /* MakeHabitsVC.swift */; };
		47F34FC624F5710F00DA4F64 /* LifeStylesVC.swift in Sources */ = {isa = PBXBuildFile; fileRef = 47F34FC524F5710F00DA4F64 /* LifeStylesVC.swift */; };
		47F8E7162582855C0046D057 /* UICollectionViewCell+Ext.swift in Sources */ = {isa = PBXBuildFile; fileRef = 47F8E7152582855C0046D057 /* UICollectionViewCell+Ext.swift */; };
/* End PBXBuildFile section */

/* Begin PBXFileReference section */
		4715773624EC3B0E001652A8 /* UserDetailsVC.swift */ = {isa = PBXFileReference; lastKnownFileType = sourcecode.swift; path = UserDetailsVC.swift; sourceTree = "<group>"; };
		471D1FB92577C66C002AB1AE /* LifeStylesVM.swift */ = {isa = PBXFileReference; lastKnownFileType = sourcecode.swift; path = LifeStylesVM.swift; sourceTree = "<group>"; };
		471D1FBE2577C6E1002AB1AE /* LifeStyleCell.swift */ = {isa = PBXFileReference; lastKnownFileType = sourcecode.swift; path = LifeStyleCell.swift; sourceTree = "<group>"; };
		472CC37D24E2FFEB009C6890 /* UIView+Ext.swift */ = {isa = PBXFileReference; lastKnownFileType = sourcecode.swift; path = "UIView+Ext.swift"; sourceTree = "<group>"; };
		472CC37F24E30083009C6890 /* UIColor+Ext.swift */ = {isa = PBXFileReference; lastKnownFileType = sourcecode.swift; path = "UIColor+Ext.swift"; sourceTree = "<group>"; };
		472D159524FD60AA00B693DF /* CAShapeLayer+Ext.swift */ = {isa = PBXFileReference; lastKnownFileType = sourcecode.swift; path = "CAShapeLayer+Ext.swift"; sourceTree = "<group>"; };
		4743466A2572947C000474B2 /* HabitDetailsVC.swift */ = {isa = PBXFileReference; lastKnownFileType = sourcecode.swift; path = HabitDetailsVC.swift; sourceTree = "<group>"; };
		4743466D25729493000474B2 /* HabitDetailsVM.swift */ = {isa = PBXFileReference; lastKnownFileType = sourcecode.swift; path = HabitDetailsVM.swift; sourceTree = "<group>"; };
		4746339325755AA700E68F08 /* UIStackView+Ext.swift */ = {isa = PBXFileReference; lastKnownFileType = sourcecode.swift; path = "UIStackView+Ext.swift"; sourceTree = "<group>"; };
		474FC92C2587C72A0035BB1A /* LSEmptyStateView.swift */ = {isa = PBXFileReference; lastKnownFileType = sourcecode.swift; path = LSEmptyStateView.swift; sourceTree = "<group>"; };
		474FE6212565463000F3FDFC /* DataStore.swift */ = {isa = PBXFileReference; lastKnownFileType = sourcecode.swift; path = DataStore.swift; sourceTree = "<group>"; };
		47643E2B24F0361500F133F6 /* HomeVC.swift */ = {isa = PBXFileReference; lastKnownFileType = sourcecode.swift; path = HomeVC.swift; sourceTree = "<group>"; };
		47643E2E24F039B900F133F6 /* Data.xcdatamodel */ = {isa = PBXFileReference; lastKnownFileType = wrapper.xcdatamodel; path = Data.xcdatamodel; sourceTree = "<group>"; };
		4765A45B24E06BFA00585E27 /* MakeLifeStyles.app */ = {isa = PBXFileReference; explicitFileType = wrapper.application; includeInIndex = 0; path = MakeLifeStyles.app; sourceTree = BUILT_PRODUCTS_DIR; };
		4765A45E24E06BFA00585E27 /* AppDelegate.swift */ = {isa = PBXFileReference; lastKnownFileType = sourcecode.swift; path = AppDelegate.swift; sourceTree = "<group>"; };
		4765A46024E06BFA00585E27 /* SceneDelegate.swift */ = {isa = PBXFileReference; lastKnownFileType = sourcecode.swift; path = SceneDelegate.swift; sourceTree = "<group>"; };
		4765A46724E06BFB00585E27 /* Assets.xcassets */ = {isa = PBXFileReference; lastKnownFileType = folder.assetcatalog; path = Assets.xcassets; sourceTree = "<group>"; };
		4765A46A24E06BFB00585E27 /* Base */ = {isa = PBXFileReference; lastKnownFileType = file.storyboard; name = Base; path = Base.lproj/LaunchScreen.storyboard; sourceTree = "<group>"; };
		4765A46C24E06BFB00585E27 /* Info.plist */ = {isa = PBXFileReference; lastKnownFileType = text.plist.xml; path = Info.plist; sourceTree = "<group>"; };
		47822B2024EEE17B005B44A3 /* LSTextField.swift */ = {isa = PBXFileReference; lastKnownFileType = sourcecode.swift; path = LSTextField.swift; sourceTree = "<group>"; };
		478BEC88251BA60400162592 /* Bindable.swift */ = {isa = PBXFileReference; lastKnownFileType = sourcecode.swift; path = Bindable.swift; sourceTree = "<group>"; };
		478BEC8C251BA67300162592 /* MakeHabtisVM.swift */ = {isa = PBXFileReference; lastKnownFileType = sourcecode.swift; path = MakeHabtisVM.swift; sourceTree = "<group>"; };
		478DBAFF24F1837200D37F39 /* LSTabBar.swift */ = {isa = PBXFileReference; lastKnownFileType = sourcecode.swift; path = LSTabBar.swift; sourceTree = "<group>"; };
		47934B7E24F400C400EF5451 /* HabitCell.swift */ = {isa = PBXFileReference; lastKnownFileType = sourcecode.swift; path = HabitCell.swift; sourceTree = "<group>"; };
		4798927124E995EA00767383 /* GetStartedVC.swift */ = {isa = PBXFileReference; lastKnownFileType = sourcecode.swift; path = GetStartedVC.swift; sourceTree = "<group>"; };
		4798D12D24EA325200267A89 /* NSMutableAttributedString+Ext.swift */ = {isa = PBXFileReference; lastKnownFileType = sourcecode.swift; path = "NSMutableAttributedString+Ext.swift"; sourceTree = "<group>"; };
		4798D13124EA4B4100267A89 /* LSTitleLabel.swift */ = {isa = PBXFileReference; lastKnownFileType = sourcecode.swift; path = LSTitleLabel.swift; sourceTree = "<group>"; };
		4798D13324EA4CF600267A89 /* LSBodyLabel.swift */ = {isa = PBXFileReference; lastKnownFileType = sourcecode.swift; path = LSBodyLabel.swift; sourceTree = "<group>"; };
		4798D13624EA512000267A89 /* LSButton.swift */ = {isa = PBXFileReference; lastKnownFileType = sourcecode.swift; path = LSButton.swift; sourceTree = "<group>"; };
		4798D13924EA539D00267A89 /* LSImageView.swift */ = {isa = PBXFileReference; lastKnownFileType = sourcecode.swift; path = LSImageView.swift; sourceTree = "<group>"; };
		4798D13C24EA547F00267A89 /* Constants.swift */ = {isa = PBXFileReference; lastKnownFileType = sourcecode.swift; path = Constants.swift; sourceTree = "<group>"; };
		47B8E07125697DEE00F395C3 /* HomeVM.swift */ = {isa = PBXFileReference; lastKnownFileType = sourcecode.swift; path = HomeVM.swift; sourceTree = "<group>"; };
		47BD3970256AB5B900DBB2FC /* LSAlertVC.swift */ = {isa = PBXFileReference; lastKnownFileType = sourcecode.swift; path = LSAlertVC.swift; sourceTree = "<group>"; };
		47BD3975256AB65700DBB2FC /* LSAlertContainerView.swift */ = {isa = PBXFileReference; lastKnownFileType = sourcecode.swift; path = LSAlertContainerView.swift; sourceTree = "<group>"; };
		47BD3979256AB97400DBB2FC /* UIViewController+Ext.swift */ = {isa = PBXFileReference; lastKnownFileType = sourcecode.swift; path = "UIViewController+Ext.swift"; sourceTree = "<group>"; };
		47C822E52583B6F20059761A /* Habit+CoreDataClass.swift */ = {isa = PBXFileReference; lastKnownFileType = sourcecode.swift; path = "Habit+CoreDataClass.swift"; sourceTree = "<group>"; };
		47C822ED2583B76A0059761A /* Habit+CoreDataProperties.swift */ = {isa = PBXFileReference; lastKnownFileType = sourcecode.swift; path = "Habit+CoreDataProperties.swift"; sourceTree = "<group>"; };
		47F34FC224F56DF900DA4F64 /* MakeHabitsVC.swift */ = {isa = PBXFileReference; lastKnownFileType = sourcecode.swift; path = MakeHabitsVC.swift; sourceTree = "<group>"; };
		47F34FC524F5710F00DA4F64 /* LifeStylesVC.swift */ = {isa = PBXFileReference; lastKnownFileType = sourcecode.swift; path = LifeStylesVC.swift; sourceTree = "<group>"; };
		47F8E7152582855C0046D057 /* UICollectionViewCell+Ext.swift */ = {isa = PBXFileReference; lastKnownFileType = sourcecode.swift; path = "UICollectionViewCell+Ext.swift"; sourceTree = "<group>"; };
/* End PBXFileReference section */

/* Begin PBXFrameworksBuildPhase section */
		4765A45824E06BFA00585E27 /* Frameworks */ = {
			isa = PBXFrameworksBuildPhase;
			buildActionMask = 2147483647;
			files = (
			);
			runOnlyForDeploymentPostprocessing = 0;
		};
/* End PBXFrameworksBuildPhase section */

/* Begin PBXGroup section */
		4715773524EC3AEE001652A8 /* User Details */ = {
			isa = PBXGroup;
			children = (
				4715773624EC3B0E001652A8 /* UserDetailsVC.swift */,
			);
			path = "User Details";
			sourceTree = "<group>";
		};
		471D1FBC2577C6B3002AB1AE /* Life Styles */ = {
			isa = PBXGroup;
			children = (
				47F34FC524F5710F00DA4F64 /* LifeStylesVC.swift */,
				471D1FB92577C66C002AB1AE /* LifeStylesVM.swift */,
			);
			path = "Life Styles";
			sourceTree = "<group>";
		};
		471D1FBD2577C6C6002AB1AE /* Cells */ = {
			isa = PBXGroup;
			children = (
				471D1FBE2577C6E1002AB1AE /* LifeStyleCell.swift */,
			);
			path = Cells;
			sourceTree = "<group>";
		};
		472CC37C24E2FFDB009C6890 /* Extensions */ = {
			isa = PBXGroup;
			children = (
				472CC37D24E2FFEB009C6890 /* UIView+Ext.swift */,
				472CC37F24E30083009C6890 /* UIColor+Ext.swift */,
				4798D12D24EA325200267A89 /* NSMutableAttributedString+Ext.swift */,
				472D159524FD60AA00B693DF /* CAShapeLayer+Ext.swift */,
				47BD3979256AB97400DBB2FC /* UIViewController+Ext.swift */,
				4746339325755AA700E68F08 /* UIStackView+Ext.swift */,
				47F8E7152582855C0046D057 /* UICollectionViewCell+Ext.swift */,
			);
			path = Extensions;
			sourceTree = "<group>";
		};
		4743464F257283C7000474B2 /* Home */ = {
			isa = PBXGroup;
			children = (
				47643E2B24F0361500F133F6 /* HomeVC.swift */,
				47B8E07125697DEE00F395C3 /* HomeVM.swift */,
			);
			path = Home;
			sourceTree = "<group>";
		};
		47434650257283D6000474B2 /* Habit Details */ = {
			isa = PBXGroup;
			children = (
				4743466A2572947C000474B2 /* HabitDetailsVC.swift */,
				4743466D25729493000474B2 /* HabitDetailsVM.swift */,
			);
			path = "Habit Details";
			sourceTree = "<group>";
		};
		474FC92B2587C6FC0035BB1A /* Empty State */ = {
			isa = PBXGroup;
			children = (
				474FC92C2587C72A0035BB1A /* LSEmptyStateView.swift */,
			);
			path = "Empty State";
			sourceTree = "<group>";
		};
		4760BFF724E194BB00B2B936 /* Scenes */ = {
			isa = PBXGroup;
			children = (
				4798926F24E980AA00767383 /* Onboading */,
				47C9A0A224E44B4100353E80 /* Home */,
				47F34FC124F56DA200DA4F64 /* Make Habits */,
				47F34FC424F570E600DA4F64 /* LifeStylesList */,
			);
			path = Scenes;
			sourceTree = "<group>";
		};
		4760BFF824E194C800B2B936 /* Models */ = {
			isa = PBXGroup;
			children = (
				47C822ED2583B76A0059761A /* Habit+CoreDataProperties.swift */,
				47C822E52583B6F20059761A /* Habit+CoreDataClass.swift */,
			);
			path = Models;
			sourceTree = "<group>";
		};
		4760BFF924E194D300B2B936 /* Support Files */ = {
			isa = PBXGroup;
			children = (
				4765A45E24E06BFA00585E27 /* AppDelegate.swift */,
				4765A46024E06BFA00585E27 /* SceneDelegate.swift */,
				4765A46724E06BFB00585E27 /* Assets.xcassets */,
				4765A46924E06BFB00585E27 /* LaunchScreen.storyboard */,
				4765A46C24E06BFB00585E27 /* Info.plist */,
			);
			name = "Support Files";
			sourceTree = "<group>";
		};
		47643E3024F039CC00F133F6 /* Core Data */ = {
			isa = PBXGroup;
			children = (
				47643E2D24F039B900F133F6 /* Data.xcdatamodeld */,
			);
			path = "Core Data";
			sourceTree = "<group>";
		};
		4765A45224E06BFA00585E27 = {
			isa = PBXGroup;
			children = (
				4765A45D24E06BFA00585E27 /* MakeLifeStyles */,
				4765A45C24E06BFA00585E27 /* Products */,
			);
			sourceTree = "<group>";
		};
		4765A45C24E06BFA00585E27 /* Products */ = {
			isa = PBXGroup;
			children = (
				4765A45B24E06BFA00585E27 /* MakeLifeStyles.app */,
			);
			name = Products;
			sourceTree = "<group>";
		};
		4765A45D24E06BFA00585E27 /* MakeLifeStyles */ = {
			isa = PBXGroup;
			children = (
				4760BFF824E194C800B2B936 /* Models */,
				4798D12F24EA4A7F00267A89 /* Custom Views */,
				4760BFF724E194BB00B2B936 /* Scenes */,
				47643E3024F039CC00F133F6 /* Core Data */,
				4798D13B24EA546E00267A89 /* Constants */,
				478BEC87251BA5E400162592 /* Helper */,
				472CC37C24E2FFDB009C6890 /* Extensions */,
				4760BFF924E194D300B2B936 /* Support Files */,
			);
			path = MakeLifeStyles;
			sourceTree = "<group>";
		};
		47822B1F24EEE155005B44A3 /* Text Fields */ = {
			isa = PBXGroup;
			children = (
				47822B2024EEE17B005B44A3 /* LSTextField.swift */,
			);
			path = "Text Fields";
			sourceTree = "<group>";
		};
		478BEC87251BA5E400162592 /* Helper */ = {
			isa = PBXGroup;
			children = (
				478BEC88251BA60400162592 /* Bindable.swift */,
				474FE6212565463000F3FDFC /* DataStore.swift */,
			);
			path = Helper;
			sourceTree = "<group>";
		};
		478DBAFE24F1830400D37F39 /* Tab  Bar */ = {
			isa = PBXGroup;
			children = (
				478DBAFF24F1837200D37F39 /* LSTabBar.swift */,
			);
			path = "Tab  Bar";
			sourceTree = "<group>";
		};
		47934B7D24F4009C00EF5451 /* Cells */ = {
			isa = PBXGroup;
			children = (
				47934B7E24F400C400EF5451 /* HabitCell.swift */,
			);
			path = Cells;
			sourceTree = "<group>";
		};
		4798926F24E980AA00767383 /* Onboading */ = {
			isa = PBXGroup;
			children = (
				4715773524EC3AEE001652A8 /* User Details */,
				4798927024E9929200767383 /* Get Started */,
			);
			path = Onboading;
			sourceTree = "<group>";
		};
		4798927024E9929200767383 /* Get Started */ = {
			isa = PBXGroup;
			children = (
				4798927124E995EA00767383 /* GetStartedVC.swift */,
			);
			path = "Get Started";
			sourceTree = "<group>";
		};
		4798D12F24EA4A7F00267A89 /* Custom Views */ = {
			isa = PBXGroup;
			children = (
				478DBAFE24F1830400D37F39 /* Tab  Bar */,
				47BD396F256AB59A00DBB2FC /* Alerts */,
				474FC92B2587C6FC0035BB1A /* Empty State */,
				47BD3974256AB63A00DBB2FC /* Views */,
				47822B1F24EEE155005B44A3 /* Text Fields */,
				4798D13824EA535200267A89 /* Image Views */,
				4798D13524EA511100267A89 /* Buttons */,
				4798D13024EA4AB300267A89 /* Labels */,
			);
			path = "Custom Views";
			sourceTree = "<group>";
		};
		4798D13024EA4AB300267A89 /* Labels */ = {
			isa = PBXGroup;
			children = (
				4798D13124EA4B4100267A89 /* LSTitleLabel.swift */,
				4798D13324EA4CF600267A89 /* LSBodyLabel.swift */,
			);
			path = Labels;
			sourceTree = "<group>";
		};
		4798D13524EA511100267A89 /* Buttons */ = {
			isa = PBXGroup;
			children = (
				4798D13624EA512000267A89 /* LSButton.swift */,
			);
			path = Buttons;
			sourceTree = "<group>";
		};
		4798D13824EA535200267A89 /* Image Views */ = {
			isa = PBXGroup;
			children = (
				4798D13924EA539D00267A89 /* LSImageView.swift */,
			);
			path = "Image Views";
			sourceTree = "<group>";
		};
		4798D13B24EA546E00267A89 /* Constants */ = {
			isa = PBXGroup;
			children = (
				4798D13C24EA547F00267A89 /* Constants.swift */,
			);
			path = Constants;
			sourceTree = "<group>";
		};
		47BD396F256AB59A00DBB2FC /* Alerts */ = {
			isa = PBXGroup;
			children = (
				47BD3970256AB5B900DBB2FC /* LSAlertVC.swift */,
			);
			path = Alerts;
			sourceTree = "<group>";
		};
		47BD3974256AB63A00DBB2FC /* Views */ = {
			isa = PBXGroup;
			children = (
				47BD3975256AB65700DBB2FC /* LSAlertContainerView.swift */,
			);
			path = Views;
			sourceTree = "<group>";
		};
		47C9A0A224E44B4100353E80 /* Home */ = {
			isa = PBXGroup;
			children = (
				47934B7D24F4009C00EF5451 /* Cells */,
				47434650257283D6000474B2 /* Habit Details */,
				4743464F257283C7000474B2 /* Home */,
			);
			path = Home;
			sourceTree = "<group>";
		};
		47F34FC124F56DA200DA4F64 /* Make Habits */ = {
			isa = PBXGroup;
			children = (
				47F34FC224F56DF900DA4F64 /* MakeHabitsVC.swift */,
				478BEC8C251BA67300162592 /* MakeHabtisVM.swift */,
			);
			path = "Make Habits";
			sourceTree = "<group>";
		};
		47F34FC424F570E600DA4F64 /* LifeStylesList */ = {
			isa = PBXGroup;
			children = (
				471D1FBD2577C6C6002AB1AE /* Cells */,
				471D1FBC2577C6B3002AB1AE /* Life Styles */,
			);
			path = LifeStylesList;
			sourceTree = "<group>";
		};
/* End PBXGroup section */

/* Begin PBXNativeTarget section */
		4765A45A24E06BFA00585E27 /* MakeLifeStyles */ = {
			isa = PBXNativeTarget;
			buildConfigurationList = 4765A46F24E06BFB00585E27 /* Build configuration list for PBXNativeTarget "MakeLifeStyles" */;
			buildPhases = (
				4765A45724E06BFA00585E27 /* Sources */,
				4765A45824E06BFA00585E27 /* Frameworks */,
				4765A45924E06BFA00585E27 /* Resources */,
			);
			buildRules = (
			);
			dependencies = (
			);
			name = MakeLifeStyles;
			productName = MakeLifeStyles;
			productReference = 4765A45B24E06BFA00585E27 /* MakeLifeStyles.app */;
			productType = "com.apple.product-type.application";
		};
/* End PBXNativeTarget section */

/* Begin PBXProject section */
		4765A45324E06BFA00585E27 /* Project object */ = {
			isa = PBXProject;
			attributes = {
				LastSwiftUpdateCheck = 1150;
				LastUpgradeCheck = 1200;
				ORGANIZATIONNAME = "Hansa Anuradha";
				TargetAttributes = {
					4765A45A24E06BFA00585E27 = {
						CreatedOnToolsVersion = 11.5;
					};
				};
			};
			buildConfigurationList = 4765A45624E06BFA00585E27 /* Build configuration list for PBXProject "MakeLifeStyles" */;
			compatibilityVersion = "Xcode 9.3";
			developmentRegion = en;
			hasScannedForEncodings = 0;
			knownRegions = (
				en,
				Base,
			);
			mainGroup = 4765A45224E06BFA00585E27;
			productRefGroup = 4765A45C24E06BFA00585E27 /* Products */;
			projectDirPath = "";
			projectRoot = "";
			targets = (
				4765A45A24E06BFA00585E27 /* MakeLifeStyles */,
			);
		};
/* End PBXProject section */

/* Begin PBXResourcesBuildPhase section */
		4765A45924E06BFA00585E27 /* Resources */ = {
			isa = PBXResourcesBuildPhase;
			buildActionMask = 2147483647;
			files = (
				4765A46B24E06BFB00585E27 /* LaunchScreen.storyboard in Resources */,
				4765A46824E06BFB00585E27 /* Assets.xcassets in Resources */,
			);
			runOnlyForDeploymentPostprocessing = 0;
		};
/* End PBXResourcesBuildPhase section */

/* Begin PBXSourcesBuildPhase section */
		4765A45724E06BFA00585E27 /* Sources */ = {
			isa = PBXSourcesBuildPhase;
			buildActionMask = 2147483647;
			files = (
				4743466B2572947C000474B2 /* HabitDetailsVC.swift in Sources */,
				4715773724EC3B0E001652A8 /* UserDetailsVC.swift in Sources */,
				47F34FC624F5710F00DA4F64 /* LifeStylesVC.swift in Sources */,
				47B8E07225697DEE00F395C3 /* HomeVM.swift in Sources */,
				47643E2C24F0361500F133F6 /* HomeVC.swift in Sources */,
				471D1FBA2577C66C002AB1AE /* LifeStylesVM.swift in Sources */,
				4798D13224EA4B4100267A89 /* LSTitleLabel.swift in Sources */,
				478BEC89251BA60400162592 /* Bindable.swift in Sources */,
				47BD3971256AB5B900DBB2FC /* LSAlertVC.swift in Sources */,
				472D159624FD60AA00B693DF /* CAShapeLayer+Ext.swift in Sources */,
				471D1FBF2577C6E1002AB1AE /* LifeStyleCell.swift in Sources */,
				474FC92D2587C72A0035BB1A /* LSEmptyStateView.swift in Sources */,
				47934B7F24F400C400EF5451 /* HabitCell.swift in Sources */,
				478BEC8D251BA67300162592 /* MakeHabtisVM.swift in Sources */,
				4798D13D24EA547F00267A89 /* Constants.swift in Sources */,
				478DBB0024F1837200D37F39 /* LSTabBar.swift in Sources */,
				47F34FC324F56DF900DA4F64 /* MakeHabitsVC.swift in Sources */,
				47C822EF2583B76A0059761A /* Habit+CoreDataProperties.swift in Sources */,
				4798D13424EA4CF600267A89 /* LSBodyLabel.swift in Sources */,
				474FE6222565463000F3FDFC /* DataStore.swift in Sources */,
				4798927224E995EA00767383 /* GetStartedVC.swift in Sources */,
				4765A45F24E06BFA00585E27 /* AppDelegate.swift in Sources */,
				47643E2F24F039B900F133F6 /* Data.xcdatamodeld in Sources */,
				4743466E25729493000474B2 /* HabitDetailsVM.swift in Sources */,
				47C822E72583B6F20059761A /* Habit+CoreDataClass.swift in Sources */,
				4798D12E24EA325200267A89 /* NSMutableAttributedString+Ext.swift in Sources */,
				472CC38024E30083009C6890 /* UIColor+Ext.swift in Sources */,
				47BD3976256AB65700DBB2FC /* LSAlertContainerView.swift in Sources */,
				4765A46124E06BFA00585E27 /* SceneDelegate.swift in Sources */,
				472CC37E24E2FFEB009C6890 /* UIView+Ext.swift in Sources */,
				4746339425755AA700E68F08 /* UIStackView+Ext.swift in Sources */,
				47822B2124EEE17B005B44A3 /* LSTextField.swift in Sources */,
				4798D13724EA512000267A89 /* LSButton.swift in Sources */,
				47F8E7162582855C0046D057 /* UICollectionViewCell+Ext.swift in Sources */,
				47BD397A256AB97400DBB2FC /* UIViewController+Ext.swift in Sources */,
				4798D13A24EA539D00267A89 /* LSImageView.swift in Sources */,
			);
			runOnlyForDeploymentPostprocessing = 0;
		};
/* End PBXSourcesBuildPhase section */

/* Begin PBXVariantGroup section */
		4765A46924E06BFB00585E27 /* LaunchScreen.storyboard */ = {
			isa = PBXVariantGroup;
			children = (
				4765A46A24E06BFB00585E27 /* Base */,
			);
			name = LaunchScreen.storyboard;
			sourceTree = "<group>";
		};
/* End PBXVariantGroup section */

/* Begin XCBuildConfiguration section */
		4765A46D24E06BFB00585E27 /* Debug */ = {
			isa = XCBuildConfiguration;
			buildSettings = {
				ALWAYS_SEARCH_USER_PATHS = NO;
				CLANG_ANALYZER_NONNULL = YES;
				CLANG_ANALYZER_NUMBER_OBJECT_CONVERSION = YES_AGGRESSIVE;
				CLANG_CXX_LANGUAGE_STANDARD = "gnu++14";
				CLANG_CXX_LIBRARY = "libc++";
				CLANG_ENABLE_MODULES = YES;
				CLANG_ENABLE_OBJC_ARC = YES;
				CLANG_ENABLE_OBJC_WEAK = YES;
				CLANG_WARN_BLOCK_CAPTURE_AUTORELEASING = YES;
				CLANG_WARN_BOOL_CONVERSION = YES;
				CLANG_WARN_COMMA = YES;
				CLANG_WARN_CONSTANT_CONVERSION = YES;
				CLANG_WARN_DEPRECATED_OBJC_IMPLEMENTATIONS = YES;
				CLANG_WARN_DIRECT_OBJC_ISA_USAGE = YES_ERROR;
				CLANG_WARN_DOCUMENTATION_COMMENTS = YES;
				CLANG_WARN_EMPTY_BODY = YES;
				CLANG_WARN_ENUM_CONVERSION = YES;
				CLANG_WARN_INFINITE_RECURSION = YES;
				CLANG_WARN_INT_CONVERSION = YES;
				CLANG_WARN_NON_LITERAL_NULL_CONVERSION = YES;
				CLANG_WARN_OBJC_IMPLICIT_RETAIN_SELF = YES;
				CLANG_WARN_OBJC_LITERAL_CONVERSION = YES;
				CLANG_WARN_OBJC_ROOT_CLASS = YES_ERROR;
				CLANG_WARN_QUOTED_INCLUDE_IN_FRAMEWORK_HEADER = YES;
				CLANG_WARN_RANGE_LOOP_ANALYSIS = YES;
				CLANG_WARN_STRICT_PROTOTYPES = YES;
				CLANG_WARN_SUSPICIOUS_MOVE = YES;
				CLANG_WARN_UNGUARDED_AVAILABILITY = YES_AGGRESSIVE;
				CLANG_WARN_UNREACHABLE_CODE = YES;
				CLANG_WARN__DUPLICATE_METHOD_MATCH = YES;
				COPY_PHASE_STRIP = NO;
				DEBUG_INFORMATION_FORMAT = dwarf;
				ENABLE_STRICT_OBJC_MSGSEND = YES;
				ENABLE_TESTABILITY = YES;
				GCC_C_LANGUAGE_STANDARD = gnu11;
				GCC_DYNAMIC_NO_PIC = NO;
				GCC_NO_COMMON_BLOCKS = YES;
				GCC_OPTIMIZATION_LEVEL = 0;
				GCC_PREPROCESSOR_DEFINITIONS = (
					"DEBUG=1",
					"$(inherited)",
				);
				GCC_WARN_64_TO_32_BIT_CONVERSION = YES;
				GCC_WARN_ABOUT_RETURN_TYPE = YES_ERROR;
				GCC_WARN_UNDECLARED_SELECTOR = YES;
				GCC_WARN_UNINITIALIZED_AUTOS = YES_AGGRESSIVE;
				GCC_WARN_UNUSED_FUNCTION = YES;
				GCC_WARN_UNUSED_VARIABLE = YES;
				IPHONEOS_DEPLOYMENT_TARGET = 13.5;
				MTL_ENABLE_DEBUG_INFO = INCLUDE_SOURCE;
				MTL_FAST_MATH = YES;
				ONLY_ACTIVE_ARCH = YES;
				SDKROOT = iphoneos;
				SWIFT_ACTIVE_COMPILATION_CONDITIONS = DEBUG;
				SWIFT_OPTIMIZATION_LEVEL = "-Onone";
			};
			name = Debug;
		};
		4765A46E24E06BFB00585E27 /* Release */ = {
			isa = XCBuildConfiguration;
			buildSettings = {
				ALWAYS_SEARCH_USER_PATHS = NO;
				CLANG_ANALYZER_NONNULL = YES;
				CLANG_ANALYZER_NUMBER_OBJECT_CONVERSION = YES_AGGRESSIVE;
				CLANG_CXX_LANGUAGE_STANDARD = "gnu++14";
				CLANG_CXX_LIBRARY = "libc++";
				CLANG_ENABLE_MODULES = YES;
				CLANG_ENABLE_OBJC_ARC = YES;
				CLANG_ENABLE_OBJC_WEAK = YES;
				CLANG_WARN_BLOCK_CAPTURE_AUTORELEASING = YES;
				CLANG_WARN_BOOL_CONVERSION = YES;
				CLANG_WARN_COMMA = YES;
				CLANG_WARN_CONSTANT_CONVERSION = YES;
				CLANG_WARN_DEPRECATED_OBJC_IMPLEMENTATIONS = YES;
				CLANG_WARN_DIRECT_OBJC_ISA_USAGE = YES_ERROR;
				CLANG_WARN_DOCUMENTATION_COMMENTS = YES;
				CLANG_WARN_EMPTY_BODY = YES;
				CLANG_WARN_ENUM_CONVERSION = YES;
				CLANG_WARN_INFINITE_RECURSION = YES;
				CLANG_WARN_INT_CONVERSION = YES;
				CLANG_WARN_NON_LITERAL_NULL_CONVERSION = YES;
				CLANG_WARN_OBJC_IMPLICIT_RETAIN_SELF = YES;
				CLANG_WARN_OBJC_LITERAL_CONVERSION = YES;
				CLANG_WARN_OBJC_ROOT_CLASS = YES_ERROR;
				CLANG_WARN_QUOTED_INCLUDE_IN_FRAMEWORK_HEADER = YES;
				CLANG_WARN_RANGE_LOOP_ANALYSIS = YES;
				CLANG_WARN_STRICT_PROTOTYPES = YES;
				CLANG_WARN_SUSPICIOUS_MOVE = YES;
				CLANG_WARN_UNGUARDED_AVAILABILITY = YES_AGGRESSIVE;
				CLANG_WARN_UNREACHABLE_CODE = YES;
				CLANG_WARN__DUPLICATE_METHOD_MATCH = YES;
				COPY_PHASE_STRIP = NO;
				DEBUG_INFORMATION_FORMAT = "dwarf-with-dsym";
				ENABLE_NS_ASSERTIONS = NO;
				ENABLE_STRICT_OBJC_MSGSEND = YES;
				GCC_C_LANGUAGE_STANDARD = gnu11;
				GCC_NO_COMMON_BLOCKS = YES;
				GCC_WARN_64_TO_32_BIT_CONVERSION = YES;
				GCC_WARN_ABOUT_RETURN_TYPE = YES_ERROR;
				GCC_WARN_UNDECLARED_SELECTOR = YES;
				GCC_WARN_UNINITIALIZED_AUTOS = YES_AGGRESSIVE;
				GCC_WARN_UNUSED_FUNCTION = YES;
				GCC_WARN_UNUSED_VARIABLE = YES;
				IPHONEOS_DEPLOYMENT_TARGET = 13.5;
				MTL_ENABLE_DEBUG_INFO = NO;
				MTL_FAST_MATH = YES;
				SDKROOT = iphoneos;
				SWIFT_COMPILATION_MODE = wholemodule;
				SWIFT_OPTIMIZATION_LEVEL = "-O";
				VALIDATE_PRODUCT = YES;
			};
			name = Release;
		};
		4765A47024E06BFB00585E27 /* Debug */ = {
			isa = XCBuildConfiguration;
			buildSettings = {
				ASSETCATALOG_COMPILER_APPICON_NAME = AppIcon;
				CODE_SIGN_STYLE = Automatic;
				DEVELOPMENT_TEAM = 7BXSU3YQGA;
				INFOPLIST_FILE = MakeLifeStyles/Info.plist;
				LD_RUNPATH_SEARCH_PATHS = (
					"$(inherited)",
					"@executable_path/Frameworks",
				);
				PRODUCT_BUNDLE_IDENTIFIER = com.castleCode.MakeLifeStyles;
				PRODUCT_NAME = "$(TARGET_NAME)";
				SWIFT_VERSION = 5.0;
				TARGETED_DEVICE_FAMILY = 1;
			};
			name = Debug;
		};
		4765A47124E06BFB00585E27 /* Release */ = {
			isa = XCBuildConfiguration;
			buildSettings = {
				ASSETCATALOG_COMPILER_APPICON_NAME = AppIcon;
				CODE_SIGN_STYLE = Automatic;
				DEVELOPMENT_TEAM = 7BXSU3YQGA;
				INFOPLIST_FILE = MakeLifeStyles/Info.plist;
				LD_RUNPATH_SEARCH_PATHS = (
					"$(inherited)",
					"@executable_path/Frameworks",
				);
				PRODUCT_BUNDLE_IDENTIFIER = com.castleCode.MakeLifeStyles;
				PRODUCT_NAME = "$(TARGET_NAME)";
				SWIFT_VERSION = 5.0;
				TARGETED_DEVICE_FAMILY = 1;
			};
			name = Release;
		};
/* End XCBuildConfiguration section */

/* Begin XCConfigurationList section */
		4765A45624E06BFA00585E27 /* Build configuration list for PBXProject "MakeLifeStyles" */ = {
			isa = XCConfigurationList;
			buildConfigurations = (
				4765A46D24E06BFB00585E27 /* Debug */,
				4765A46E24E06BFB00585E27 /* Release */,
			);
			defaultConfigurationIsVisible = 0;
			defaultConfigurationName = Release;
		};
		4765A46F24E06BFB00585E27 /* Build configuration list for PBXNativeTarget "MakeLifeStyles" */ = {
			isa = XCConfigurationList;
			buildConfigurations = (
				4765A47024E06BFB00585E27 /* Debug */,
				4765A47124E06BFB00585E27 /* Release */,
			);
			defaultConfigurationIsVisible = 0;
			defaultConfigurationName = Release;
		};
/* End XCConfigurationList section */

/* Begin XCVersionGroup section */
		47643E2D24F039B900F133F6 /* Data.xcdatamodeld */ = {
			isa = XCVersionGroup;
			children = (
				47643E2E24F039B900F133F6 /* Data.xcdatamodel */,
			);
			currentVersion = 47643E2E24F039B900F133F6 /* Data.xcdatamodel */;
			path = Data.xcdatamodeld;
			sourceTree = "<group>";
			versionGroupType = wrapper.xcdatamodel;
		};
/* End XCVersionGroup section */
	};
	rootObject = 4765A45324E06BFA00585E27 /* Project object */;
}
